// !$*UTF8*$!
{
	archiveVersion = 1;
	classes = {
	};
	objectVersion = 46;
	objects = {

/* Begin PBXBuildFile section */
		185C4E5918AFF5A900F6DBCE /* EABaseGameScene.m in Sources */ = {isa = PBXBuildFile; fileRef = 185C4E5818AFF5A900F6DBCE /* EABaseGameScene.m */; };
		185C4E5D18B1255300F6DBCE /* EAScoresStoreManager.m in Sources */ = {isa = PBXBuildFile; fileRef = 185C4E5C18B1255300F6DBCE /* EAScoresStoreManager.m */; };
		DE41575318B3F793008E0BC0 /* Jump.wav in Resources */ = {isa = PBXBuildFile; fileRef = DE41575218B3F793008E0BC0 /* Jump.wav */; };
		DE41575518B40107008E0BC0 /* GameKit.framework in Frameworks */ = {isa = PBXBuildFile; fileRef = DE41575418B40107008E0BC0 /* GameKit.framework */; settings = {ATTRIBUTES = (Weak, ); }; };
		DE41575818B401A2008E0BC0 /* EAGameCenterProvider.m in Sources */ = {isa = PBXBuildFile; fileRef = DE41575718B401A2008E0BC0 /* EAGameCenterProvider.m */; };
		DE582F5118B694DB001D345B /* EAUtils.m in Sources */ = {isa = PBXBuildFile; fileRef = DE582F5018B694DB001D345B /* EAUtils.m */; };
		DEAB0D0518B01FDC00DD4A17 /* PressStart2P.ttf in Resources */ = {isa = PBXBuildFile; fileRef = DEAB0D0418B01FDC00DD4A17 /* PressStart2P.ttf */; };
		DEC7B47918AE80E600724DE7 /* Foundation.framework in Frameworks */ = {isa = PBXBuildFile; fileRef = DEC7B47818AE80E600724DE7 /* Foundation.framework */; settings = {ATTRIBUTES = (Required, ); }; };
		DEC7B47B18AE80E600724DE7 /* CoreGraphics.framework in Frameworks */ = {isa = PBXBuildFile; fileRef = DEC7B47A18AE80E600724DE7 /* CoreGraphics.framework */; };
		DEC7B47D18AE80E600724DE7 /* UIKit.framework in Frameworks */ = {isa = PBXBuildFile; fileRef = DEC7B47C18AE80E600724DE7 /* UIKit.framework */; };
		DEC7B48318AE80E600724DE7 /* InfoPlist.strings in Resources */ = {isa = PBXBuildFile; fileRef = DEC7B48118AE80E600724DE7 /* InfoPlist.strings */; };
		DEC7B48518AE80E600724DE7 /* main.m in Sources */ = {isa = PBXBuildFile; fileRef = DEC7B48418AE80E600724DE7 /* main.m */; };
		DEC7B48B18AE80E600724DE7 /* Images.xcassets in Resources */ = {isa = PBXBuildFile; fileRef = DEC7B48A18AE80E600724DE7 /* Images.xcassets */; };
		DEC7B49218AE80E600724DE7 /* XCTest.framework in Frameworks */ = {isa = PBXBuildFile; fileRef = DEC7B49118AE80E600724DE7 /* XCTest.framework */; };
		DEC7B49318AE80E600724DE7 /* Foundation.framework in Frameworks */ = {isa = PBXBuildFile; fileRef = DEC7B47818AE80E600724DE7 /* Foundation.framework */; };
		DEC7B49418AE80E600724DE7 /* UIKit.framework in Frameworks */ = {isa = PBXBuildFile; fileRef = DEC7B47C18AE80E600724DE7 /* UIKit.framework */; };
		DEC7B49C18AE80E600724DE7 /* InfoPlist.strings in Resources */ = {isa = PBXBuildFile; fileRef = DEC7B49A18AE80E600724DE7 /* InfoPlist.strings */; };
		DEC7B49E18AE80E600724DE7 /* ScaryFlightTests.m in Sources */ = {isa = PBXBuildFile; fileRef = DEC7B49D18AE80E600724DE7 /* ScaryFlightTests.m */; };
		DEC7B4A818AE81F500724DE7 /* SpriteKit.framework in Frameworks */ = {isa = PBXBuildFile; fileRef = DEC7B4A718AE81F500724DE7 /* SpriteKit.framework */; };
		DEC7B4B018AE876600724DE7 /* EAAppDelegate.m in Sources */ = {isa = PBXBuildFile; fileRef = DEC7B4AC18AE876600724DE7 /* EAAppDelegate.m */; };
		DEC7B4B618AE998200724DE7 /* EAHero.m in Sources */ = {isa = PBXBuildFile; fileRef = DEC7B4B518AE998200724DE7 /* EAHero.m */; };
		DEC7B4B918AE99AA00724DE7 /* EAObstacle.m in Sources */ = {isa = PBXBuildFile; fileRef = DEC7B4B818AE99AA00724DE7 /* EAObstacle.m */; };
		DEC7B4BC18AE99FB00724DE7 /* EAUFOGameScene.m in Sources */ = {isa = PBXBuildFile; fileRef = DEC7B4BB18AE99FB00724DE7 /* EAUFOGameScene.m */; };
		DEC7B4BF18AE9A1100724DE7 /* EARocketGameScene.m in Sources */ = {isa = PBXBuildFile; fileRef = DEC7B4BE18AE9A1100724DE7 /* EARocketGameScene.m */; };
		DEC7B4C218AE9AD100724DE7 /* EAGameViewController.m in Sources */ = {isa = PBXBuildFile; fileRef = DEC7B4C118AE9AD100724DE7 /* EAGameViewController.m */; };
		DEC7B4C518AE9C0000724DE7 /* EAMenuScene.m in Sources */ = {isa = PBXBuildFile; fileRef = DEC7B4C418AE9C0000724DE7 /* EAMenuScene.m */; };
		DEF4642C18B21E5100EDF3EA /* SpaceFlightSound.mp3 in Resources */ = {isa = PBXBuildFile; fileRef = DEF4642B18B21E5100EDF3EA /* SpaceFlightSound.mp3 */; };
		DEF4642E18B21E9600EDF3EA /* MenuSound.mp3 in Resources */ = {isa = PBXBuildFile; fileRef = DEF4642D18B21E9600EDF3EA /* MenuSound.mp3 */; };
		DEF4643118B2240000EDF3EA /* EKMusicPlayer.m in Sources */ = {isa = PBXBuildFile; fileRef = DEF4642F18B2240000EDF3EA /* EKMusicPlayer.m */; };
		DEF4643318B2242100EDF3EA /* AVFoundation.framework in Frameworks */ = {isa = PBXBuildFile; fileRef = DEF4643218B2242100EDF3EA /* AVFoundation.framework */; };
		DEF4643518B2320C00EDF3EA /* CityFlightSound.mp3 in Resources */ = {isa = PBXBuildFile; fileRef = DEF4643418B2320C00EDF3EA /* CityFlightSound.mp3 */; };
		DEF4643B18B2485C00EDF3EA /* Bonus.wav in Resources */ = {isa = PBXBuildFile; fileRef = DEF4643A18B2485C00EDF3EA /* Bonus.wav */; };
		DEF4643E18B25A6700EDF3EA /* EAScrollingSprite.m in Sources */ = {isa = PBXBuildFile; fileRef = DEF4643D18B25A6700EDF3EA /* EAScrollingSprite.m */; };
		DEFFF69818B120DA002A48CD /* tick.mp3 in Resources */ = {isa = PBXBuildFile; fileRef = DEFFF69718B120DA002A48CD /* tick.mp3 */; };
		DEFFF69A18B1210A002A48CD /* crash.wav in Resources */ = {isa = PBXBuildFile; fileRef = DEFFF69918B1210A002A48CD /* crash.wav */; };
/* End PBXBuildFile section */

/* Begin PBXContainerItemProxy section */
		DEC7B49518AE80E600724DE7 /* PBXContainerItemProxy */ = {
			isa = PBXContainerItemProxy;
			containerPortal = DEC7B46D18AE80E600724DE7 /* Project object */;
			proxyType = 1;
			remoteGlobalIDString = DEC7B47418AE80E600724DE7;
			remoteInfo = ScaryFlight;
		};
/* End PBXContainerItemProxy section */

/* Begin PBXFileReference section */
		185C4E5718AFF5A900F6DBCE /* EABaseGameScene.h */ = {isa = PBXFileReference; fileEncoding = 4; lastKnownFileType = sourcecode.c.h; path = EABaseGameScene.h; sourceTree = "<group>"; };
		185C4E5818AFF5A900F6DBCE /* EABaseGameScene.m */ = {isa = PBXFileReference; fileEncoding = 4; lastKnownFileType = sourcecode.c.objc; path = EABaseGameScene.m; sourceTree = "<group>"; };
		185C4E5A18B1011F00F6DBCE /* Constants.h */ = {isa = PBXFileReference; lastKnownFileType = sourcecode.c.h; path = Constants.h; sourceTree = SOURCE_ROOT; };
		185C4E5B18B1255300F6DBCE /* EAScoresStoreManager.h */ = {isa = PBXFileReference; fileEncoding = 4; lastKnownFileType = sourcecode.c.h; path = EAScoresStoreManager.h; sourceTree = "<group>"; };
		185C4E5C18B1255300F6DBCE /* EAScoresStoreManager.m */ = {isa = PBXFileReference; fileEncoding = 4; lastKnownFileType = sourcecode.c.objc; path = EAScoresStoreManager.m; sourceTree = "<group>"; };
		DE41575218B3F793008E0BC0 /* Jump.wav */ = {isa = PBXFileReference; lastKnownFileType = audio.wav; path = Jump.wav; sourceTree = "<group>"; };
		DE41575418B40107008E0BC0 /* GameKit.framework */ = {isa = PBXFileReference; lastKnownFileType = wrapper.framework; name = GameKit.framework; path = System/Library/Frameworks/GameKit.framework; sourceTree = SDKROOT; };
		DE41575618B401A2008E0BC0 /* EAGameCenterProvider.h */ = {isa = PBXFileReference; fileEncoding = 4; lastKnownFileType = sourcecode.c.h; path = EAGameCenterProvider.h; sourceTree = "<group>"; };
		DE41575718B401A2008E0BC0 /* EAGameCenterProvider.m */ = {isa = PBXFileReference; fileEncoding = 4; lastKnownFileType = sourcecode.c.objc; path = EAGameCenterProvider.m; sourceTree = "<group>"; };
		DE582F4F18B694DB001D345B /* EAUtils.h */ = {isa = PBXFileReference; fileEncoding = 4; lastKnownFileType = sourcecode.c.h; path = EAUtils.h; sourceTree = "<group>"; };
		DE582F5018B694DB001D345B /* EAUtils.m */ = {isa = PBXFileReference; fileEncoding = 4; lastKnownFileType = sourcecode.c.objc; path = EAUtils.m; sourceTree = "<group>"; };
		DEAB0D0418B01FDC00DD4A17 /* PressStart2P.ttf */ = {isa = PBXFileReference; lastKnownFileType = file; path = PressStart2P.ttf; sourceTree = "<group>"; };
		DEC7B47518AE80E600724DE7 /* ScaryFlight.app */ = {isa = PBXFileReference; explicitFileType = wrapper.application; includeInIndex = 0; path = ScaryFlight.app; sourceTree = BUILT_PRODUCTS_DIR; };
		DEC7B47818AE80E600724DE7 /* Foundation.framework */ = {isa = PBXFileReference; lastKnownFileType = wrapper.framework; name = Foundation.framework; path = System/Library/Frameworks/Foundation.framework; sourceTree = SDKROOT; };
		DEC7B47A18AE80E600724DE7 /* CoreGraphics.framework */ = {isa = PBXFileReference; lastKnownFileType = wrapper.framework; name = CoreGraphics.framework; path = System/Library/Frameworks/CoreGraphics.framework; sourceTree = SDKROOT; };
		DEC7B47C18AE80E600724DE7 /* UIKit.framework */ = {isa = PBXFileReference; lastKnownFileType = wrapper.framework; name = UIKit.framework; path = System/Library/Frameworks/UIKit.framework; sourceTree = SDKROOT; };
		DEC7B48018AE80E600724DE7 /* ScaryFlight-Info.plist */ = {isa = PBXFileReference; lastKnownFileType = text.plist.xml; path = "ScaryFlight-Info.plist"; sourceTree = "<group>"; };
		DEC7B48218AE80E600724DE7 /* en */ = {isa = PBXFileReference; lastKnownFileType = text.plist.strings; name = en; path = en.lproj/InfoPlist.strings; sourceTree = "<group>"; };
		DEC7B48418AE80E600724DE7 /* main.m */ = {isa = PBXFileReference; lastKnownFileType = sourcecode.c.objc; path = main.m; sourceTree = "<group>"; };
		DEC7B48618AE80E600724DE7 /* ScaryFlight-Prefix.pch */ = {isa = PBXFileReference; lastKnownFileType = sourcecode.c.h; path = "ScaryFlight-Prefix.pch"; sourceTree = "<group>"; };
		DEC7B48A18AE80E600724DE7 /* Images.xcassets */ = {isa = PBXFileReference; lastKnownFileType = folder.assetcatalog; path = Images.xcassets; sourceTree = "<group>"; };
		DEC7B49018AE80E600724DE7 /* ScaryFlightTests.xctest */ = {isa = PBXFileReference; explicitFileType = wrapper.cfbundle; includeInIndex = 0; path = ScaryFlightTests.xctest; sourceTree = BUILT_PRODUCTS_DIR; };
		DEC7B49118AE80E600724DE7 /* XCTest.framework */ = {isa = PBXFileReference; lastKnownFileType = wrapper.framework; name = XCTest.framework; path = Library/Frameworks/XCTest.framework; sourceTree = DEVELOPER_DIR; };
		DEC7B49918AE80E600724DE7 /* ScaryFlightTests-Info.plist */ = {isa = PBXFileReference; lastKnownFileType = text.plist.xml; path = "ScaryFlightTests-Info.plist"; sourceTree = "<group>"; };
		DEC7B49B18AE80E600724DE7 /* en */ = {isa = PBXFileReference; lastKnownFileType = text.plist.strings; name = en; path = en.lproj/InfoPlist.strings; sourceTree = "<group>"; };
		DEC7B49D18AE80E600724DE7 /* ScaryFlightTests.m */ = {isa = PBXFileReference; lastKnownFileType = sourcecode.c.objc; path = ScaryFlightTests.m; sourceTree = "<group>"; };
		DEC7B4A718AE81F500724DE7 /* SpriteKit.framework */ = {isa = PBXFileReference; lastKnownFileType = wrapper.framework; name = SpriteKit.framework; path = System/Library/Frameworks/SpriteKit.framework; sourceTree = SDKROOT; };
		DEC7B4AB18AE876600724DE7 /* EAAppDelegate.h */ = {isa = PBXFileReference; fileEncoding = 4; lastKnownFileType = sourcecode.c.h; path = EAAppDelegate.h; sourceTree = "<group>"; };
		DEC7B4AC18AE876600724DE7 /* EAAppDelegate.m */ = {isa = PBXFileReference; fileEncoding = 4; lastKnownFileType = sourcecode.c.objc; path = EAAppDelegate.m; sourceTree = "<group>"; };
		DEC7B4B418AE998200724DE7 /* EAHero.h */ = {isa = PBXFileReference; fileEncoding = 4; lastKnownFileType = sourcecode.c.h; path = EAHero.h; sourceTree = "<group>"; };
		DEC7B4B518AE998200724DE7 /* EAHero.m */ = {isa = PBXFileReference; fileEncoding = 4; lastKnownFileType = sourcecode.c.objc; path = EAHero.m; sourceTree = "<group>"; };
		DEC7B4B718AE99AA00724DE7 /* EAObstacle.h */ = {isa = PBXFileReference; fileEncoding = 4; lastKnownFileType = sourcecode.c.h; path = EAObstacle.h; sourceTree = "<group>"; };
		DEC7B4B818AE99AA00724DE7 /* EAObstacle.m */ = {isa = PBXFileReference; fileEncoding = 4; lastKnownFileType = sourcecode.c.objc; path = EAObstacle.m; sourceTree = "<group>"; };
		DEC7B4BA18AE99FB00724DE7 /* EAUFOGameScene.h */ = {isa = PBXFileReference; fileEncoding = 4; lastKnownFileType = sourcecode.c.h; path = EAUFOGameScene.h; sourceTree = "<group>"; };
		DEC7B4BB18AE99FB00724DE7 /* EAUFOGameScene.m */ = {isa = PBXFileReference; fileEncoding = 4; lastKnownFileType = sourcecode.c.objc; path = EAUFOGameScene.m; sourceTree = "<group>"; };
		DEC7B4BD18AE9A1100724DE7 /* EARocketGameScene.h */ = {isa = PBXFileReference; fileEncoding = 4; lastKnownFileType = sourcecode.c.h; path = EARocketGameScene.h; sourceTree = "<group>"; };
		DEC7B4BE18AE9A1100724DE7 /* EARocketGameScene.m */ = {isa = PBXFileReference; fileEncoding = 4; lastKnownFileType = sourcecode.c.objc; path = EARocketGameScene.m; sourceTree = "<group>"; };
		DEC7B4C018AE9AD100724DE7 /* EAGameViewController.h */ = {isa = PBXFileReference; fileEncoding = 4; lastKnownFileType = sourcecode.c.h; path = EAGameViewController.h; sourceTree = "<group>"; };
		DEC7B4C118AE9AD100724DE7 /* EAGameViewController.m */ = {isa = PBXFileReference; fileEncoding = 4; lastKnownFileType = sourcecode.c.objc; path = EAGameViewController.m; sourceTree = "<group>"; };
		DEC7B4C318AE9C0000724DE7 /* EAMenuScene.h */ = {isa = PBXFileReference; fileEncoding = 4; lastKnownFileType = sourcecode.c.h; path = EAMenuScene.h; sourceTree = "<group>"; };
		DEC7B4C418AE9C0000724DE7 /* EAMenuScene.m */ = {isa = PBXFileReference; fileEncoding = 4; lastKnownFileType = sourcecode.c.objc; path = EAMenuScene.m; sourceTree = "<group>"; };
		DEF4642B18B21E5100EDF3EA /* SpaceFlightSound.mp3 */ = {isa = PBXFileReference; lastKnownFileType = audio.mp3; path = SpaceFlightSound.mp3; sourceTree = "<group>"; };
		DEF4642D18B21E9600EDF3EA /* MenuSound.mp3 */ = {isa = PBXFileReference; lastKnownFileType = audio.mp3; path = MenuSound.mp3; sourceTree = "<group>"; };
		DEF4642F18B2240000EDF3EA /* EKMusicPlayer.m */ = {isa = PBXFileReference; fileEncoding = 4; lastKnownFileType = sourcecode.c.objc; path = EKMusicPlayer.m; sourceTree = "<group>"; };
		DEF4643018B2240000EDF3EA /* EKMusicPlayer.h */ = {isa = PBXFileReference; fileEncoding = 4; lastKnownFileType = sourcecode.c.h; path = EKMusicPlayer.h; sourceTree = "<group>"; };
		DEF4643218B2242100EDF3EA /* AVFoundation.framework */ = {isa = PBXFileReference; lastKnownFileType = wrapper.framework; name = AVFoundation.framework; path = System/Library/Frameworks/AVFoundation.framework; sourceTree = SDKROOT; };
		DEF4643418B2320C00EDF3EA /* CityFlightSound.mp3 */ = {isa = PBXFileReference; lastKnownFileType = audio.mp3; path = CityFlightSound.mp3; sourceTree = "<group>"; };
		DEF4643A18B2485C00EDF3EA /* Bonus.wav */ = {isa = PBXFileReference; lastKnownFileType = audio.wav; path = Bonus.wav; sourceTree = "<group>"; };
		DEF4643C18B25A6700EDF3EA /* EAScrollingSprite.h */ = {isa = PBXFileReference; fileEncoding = 4; lastKnownFileType = sourcecode.c.h; path = EAScrollingSprite.h; sourceTree = "<group>"; };
		DEF4643D18B25A6700EDF3EA /* EAScrollingSprite.m */ = {isa = PBXFileReference; fileEncoding = 4; lastKnownFileType = sourcecode.c.objc; path = EAScrollingSprite.m; sourceTree = "<group>"; };
		DEFFF69718B120DA002A48CD /* tick.mp3 */ = {isa = PBXFileReference; lastKnownFileType = audio.mp3; path = tick.mp3; sourceTree = "<group>"; };
		DEFFF69918B1210A002A48CD /* crash.wav */ = {isa = PBXFileReference; lastKnownFileType = audio.wav; path = crash.wav; sourceTree = "<group>"; };
/* End PBXFileReference section */

/* Begin PBXFrameworksBuildPhase section */
		DEC7B47218AE80E600724DE7 /* Frameworks */ = {
			isa = PBXFrameworksBuildPhase;
			buildActionMask = 2147483647;
			files = (
				DE41575518B40107008E0BC0 /* GameKit.framework in Frameworks */,
				DEF4643318B2242100EDF3EA /* AVFoundation.framework in Frameworks */,
				DEC7B4A818AE81F500724DE7 /* SpriteKit.framework in Frameworks */,
				DEC7B47B18AE80E600724DE7 /* CoreGraphics.framework in Frameworks */,
				DEC7B47D18AE80E600724DE7 /* UIKit.framework in Frameworks */,
				DEC7B47918AE80E600724DE7 /* Foundation.framework in Frameworks */,
			);
			runOnlyForDeploymentPostprocessing = 0;
		};
		DEC7B48D18AE80E600724DE7 /* Frameworks */ = {
			isa = PBXFrameworksBuildPhase;
			buildActionMask = 2147483647;
			files = (
				DEC7B49218AE80E600724DE7 /* XCTest.framework in Frameworks */,
				DEC7B49418AE80E600724DE7 /* UIKit.framework in Frameworks */,
				DEC7B49318AE80E600724DE7 /* Foundation.framework in Frameworks */,
			);
			runOnlyForDeploymentPostprocessing = 0;
		};
/* End PBXFrameworksBuildPhase section */

/* Begin PBXGroup section */
		DEAB0D0318B01FDC00DD4A17 /* Resources */ = {
			isa = PBXGroup;
			children = (
				DE41575218B3F793008E0BC0 /* Jump.wav */,
				DEF4643A18B2485C00EDF3EA /* Bonus.wav */,
				DEF4643418B2320C00EDF3EA /* CityFlightSound.mp3 */,
				DEF4642D18B21E9600EDF3EA /* MenuSound.mp3 */,
				DEF4642B18B21E5100EDF3EA /* SpaceFlightSound.mp3 */,
				DEFFF69918B1210A002A48CD /* crash.wav */,
				DEFFF69718B120DA002A48CD /* tick.mp3 */,
				DEAB0D0418B01FDC00DD4A17 /* PressStart2P.ttf */,
			);
			path = Resources;
			sourceTree = "<group>";
		};
		DEC7B46C18AE80E600724DE7 = {
			isa = PBXGroup;
			children = (
				DEC7B47E18AE80E600724DE7 /* ScaryFlight */,
				DEC7B49718AE80E600724DE7 /* ScaryFlightTests */,
				DEC7B47718AE80E600724DE7 /* Frameworks */,
				DEC7B47618AE80E600724DE7 /* Products */,
			);
			sourceTree = "<group>";
		};
		DEC7B47618AE80E600724DE7 /* Products */ = {
			isa = PBXGroup;
			children = (
				DEC7B47518AE80E600724DE7 /* ScaryFlight.app */,
				DEC7B49018AE80E600724DE7 /* ScaryFlightTests.xctest */,
			);
			name = Products;
			sourceTree = "<group>";
		};
		DEC7B47718AE80E600724DE7 /* Frameworks */ = {
			isa = PBXGroup;
			children = (
				DE41575418B40107008E0BC0 /* GameKit.framework */,
				DEF4643218B2242100EDF3EA /* AVFoundation.framework */,
				DEC7B4A718AE81F500724DE7 /* SpriteKit.framework */,
				DEC7B47818AE80E600724DE7 /* Foundation.framework */,
				DEC7B47A18AE80E600724DE7 /* CoreGraphics.framework */,
				DEC7B47C18AE80E600724DE7 /* UIKit.framework */,
				DEC7B49118AE80E600724DE7 /* XCTest.framework */,
			);
			name = Frameworks;
			sourceTree = "<group>";
		};
		DEC7B47E18AE80E600724DE7 /* ScaryFlight */ = {
			isa = PBXGroup;
			children = (
				DEC7B4A918AE876600724DE7 /* Classes */,
				DEC7B48A18AE80E600724DE7 /* Images.xcassets */,
				DEC7B47F18AE80E600724DE7 /* Supporting Files */,
				DEAB0D0318B01FDC00DD4A17 /* Resources */,
			);
			path = ScaryFlight;
			sourceTree = "<group>";
		};
		DEC7B47F18AE80E600724DE7 /* Supporting Files */ = {
			isa = PBXGroup;
			children = (
				DEC7B48018AE80E600724DE7 /* ScaryFlight-Info.plist */,
				DEC7B48118AE80E600724DE7 /* InfoPlist.strings */,
				DEC7B48418AE80E600724DE7 /* main.m */,
				DEC7B48618AE80E600724DE7 /* ScaryFlight-Prefix.pch */,
			);
			name = "Supporting Files";
			sourceTree = "<group>";
		};
		DEC7B49718AE80E600724DE7 /* ScaryFlightTests */ = {
			isa = PBXGroup;
			children = (
				DEC7B49D18AE80E600724DE7 /* ScaryFlightTests.m */,
				DEC7B49818AE80E600724DE7 /* Supporting Files */,
			);
			path = ScaryFlightTests;
			sourceTree = "<group>";
		};
		DEC7B49818AE80E600724DE7 /* Supporting Files */ = {
			isa = PBXGroup;
			children = (
				DEC7B49918AE80E600724DE7 /* ScaryFlightTests-Info.plist */,
				DEC7B49A18AE80E600724DE7 /* InfoPlist.strings */,
			);
			name = "Supporting Files";
			sourceTree = "<group>";
		};
		DEC7B4A918AE876600724DE7 /* Classes */ = {
			isa = PBXGroup;
			children = (
				DEC7B4AB18AE876600724DE7 /* EAAppDelegate.h */,
				DEC7B4AC18AE876600724DE7 /* EAAppDelegate.m */,
				DEC7B4AF18AE876600724DE7 /* Sprites */,
				DEC7B4AE18AE876600724DE7 /* Scenes */,
				DEC7B4AA18AE876600724DE7 /* Controllers */,
				DEC7B4AD18AE876600724DE7 /* Helpers */,
			);
			path = Classes;
			sourceTree = "<group>";
		};
		DEC7B4AA18AE876600724DE7 /* Controllers */ = {
			isa = PBXGroup;
			children = (
				DEC7B4C018AE9AD100724DE7 /* EAGameViewController.h */,
				DEC7B4C118AE9AD100724DE7 /* EAGameViewController.m */,
			);
			path = Controllers;
			sourceTree = "<group>";
		};
		DEC7B4AD18AE876600724DE7 /* Helpers */ = {
			isa = PBXGroup;
			children = (
				DEF4643018B2240000EDF3EA /* EKMusicPlayer.h */,
				DEF4642F18B2240000EDF3EA /* EKMusicPlayer.m */,
				185C4E5A18B1011F00F6DBCE /* Constants.h */,
				185C4E5B18B1255300F6DBCE /* EAScoresStoreManager.h */,
				185C4E5C18B1255300F6DBCE /* EAScoresStoreManager.m */,
				DE41575618B401A2008E0BC0 /* EAGameCenterProvider.h */,
				DE41575718B401A2008E0BC0 /* EAGameCenterProvider.m */,
				DE582F4F18B694DB001D345B /* EAUtils.h */,
				DE582F5018B694DB001D345B /* EAUtils.m */,
			);
			path = Helpers;
			sourceTree = "<group>";
		};
		DEC7B4AE18AE876600724DE7 /* Scenes */ = {
			isa = PBXGroup;
			children = (
				DEC7B4C318AE9C0000724DE7 /* EAMenuScene.h */,
				DEC7B4C418AE9C0000724DE7 /* EAMenuScene.m */,
				185C4E5718AFF5A900F6DBCE /* EABaseGameScene.h */,
				185C4E5818AFF5A900F6DBCE /* EABaseGameScene.m */,
				DEC7B4BA18AE99FB00724DE7 /* EAUFOGameScene.h */,
				DEC7B4BB18AE99FB00724DE7 /* EAUFOGameScene.m */,
				DEC7B4BD18AE9A1100724DE7 /* EARocketGameScene.h */,
				DEC7B4BE18AE9A1100724DE7 /* EARocketGameScene.m */,
			);
			path = Scenes;
			sourceTree = "<group>";
		};
		DEC7B4AF18AE876600724DE7 /* Sprites */ = {
			isa = PBXGroup;
			children = (
				DEC7B4B418AE998200724DE7 /* EAHero.h */,
				DEC7B4B518AE998200724DE7 /* EAHero.m */,
				DEC7B4B718AE99AA00724DE7 /* EAObstacle.h */,
				DEC7B4B818AE99AA00724DE7 /* EAObstacle.m */,
				DEF4643C18B25A6700EDF3EA /* EAScrollingSprite.h */,
				DEF4643D18B25A6700EDF3EA /* EAScrollingSprite.m */,
			);
			path = Sprites;
			sourceTree = "<group>";
		};
/* End PBXGroup section */

/* Begin PBXNativeTarget section */
		DEC7B47418AE80E600724DE7 /* ScaryFlight */ = {
			isa = PBXNativeTarget;
			buildConfigurationList = DEC7B4A118AE80E600724DE7 /* Build configuration list for PBXNativeTarget "ScaryFlight" */;
			buildPhases = (
				DEC7B47118AE80E600724DE7 /* Sources */,
				DEC7B47218AE80E600724DE7 /* Frameworks */,
				DEC7B47318AE80E600724DE7 /* Resources */,
			);
			buildRules = (
			);
			dependencies = (
			);
			name = ScaryFlight;
			productName = ScaryFlight;
			productReference = DEC7B47518AE80E600724DE7 /* ScaryFlight.app */;
			productType = "com.apple.product-type.application";
		};
		DEC7B48F18AE80E600724DE7 /* ScaryFlightTests */ = {
			isa = PBXNativeTarget;
			buildConfigurationList = DEC7B4A418AE80E600724DE7 /* Build configuration list for PBXNativeTarget "ScaryFlightTests" */;
			buildPhases = (
				DEC7B48C18AE80E600724DE7 /* Sources */,
				DEC7B48D18AE80E600724DE7 /* Frameworks */,
				DEC7B48E18AE80E600724DE7 /* Resources */,
			);
			buildRules = (
			);
			dependencies = (
				DEC7B49618AE80E600724DE7 /* PBXTargetDependency */,
			);
			name = ScaryFlightTests;
			productName = ScaryFlightTests;
			productReference = DEC7B49018AE80E600724DE7 /* ScaryFlightTests.xctest */;
			productType = "com.apple.product-type.bundle.unit-test";
		};
/* End PBXNativeTarget section */

/* Begin PBXProject section */
		DEC7B46D18AE80E600724DE7 /* Project object */ = {
			isa = PBXProject;
			attributes = {
				CLASSPREFIX = EA;
				LastUpgradeCheck = 0500;
				ORGANIZATIONNAME = EvgenyKarkan;
				TargetAttributes = {
					DEC7B48F18AE80E600724DE7 = {
						TestTargetID = DEC7B47418AE80E600724DE7;
					};
				};
			};
			buildConfigurationList = DEC7B47018AE80E600724DE7 /* Build configuration list for PBXProject "ScaryFlight" */;
			compatibilityVersion = "Xcode 3.2";
			developmentRegion = English;
			hasScannedForEncodings = 0;
			knownRegions = (
				en,
			);
			mainGroup = DEC7B46C18AE80E600724DE7;
			productRefGroup = DEC7B47618AE80E600724DE7 /* Products */;
			projectDirPath = "";
			projectRoot = "";
			targets = (
				DEC7B47418AE80E600724DE7 /* ScaryFlight */,
				DEC7B48F18AE80E600724DE7 /* ScaryFlightTests */,
			);
		};
/* End PBXProject section */

/* Begin PBXResourcesBuildPhase section */
		DEC7B47318AE80E600724DE7 /* Resources */ = {
			isa = PBXResourcesBuildPhase;
			buildActionMask = 2147483647;
			files = (
				DEFFF69818B120DA002A48CD /* tick.mp3 in Resources */,
				DEF4643518B2320C00EDF3EA /* CityFlightSound.mp3 in Resources */,
				DEFFF69A18B1210A002A48CD /* crash.wav in Resources */,
				DEAB0D0518B01FDC00DD4A17 /* PressStart2P.ttf in Resources */,
				DE41575318B3F793008E0BC0 /* Jump.wav in Resources */,
				DEF4642C18B21E5100EDF3EA /* SpaceFlightSound.mp3 in Resources */,
				DEC7B48318AE80E600724DE7 /* InfoPlist.strings in Resources */,
				DEF4643B18B2485C00EDF3EA /* Bonus.wav in Resources */,
				DEF4642E18B21E9600EDF3EA /* MenuSound.mp3 in Resources */,
				DEC7B48B18AE80E600724DE7 /* Images.xcassets in Resources */,
			);
			runOnlyForDeploymentPostprocessing = 0;
		};
		DEC7B48E18AE80E600724DE7 /* Resources */ = {
			isa = PBXResourcesBuildPhase;
			buildActionMask = 2147483647;
			files = (
				DEC7B49C18AE80E600724DE7 /* InfoPlist.strings in Resources */,
			);
			runOnlyForDeploymentPostprocessing = 0;
		};
/* End PBXResourcesBuildPhase section */

/* Begin PBXSourcesBuildPhase section */
		DEC7B47118AE80E600724DE7 /* Sources */ = {
			isa = PBXSourcesBuildPhase;
			buildActionMask = 2147483647;
			files = (
				DEC7B4B018AE876600724DE7 /* EAAppDelegate.m in Sources */,
				DEC7B4C518AE9C0000724DE7 /* EAMenuScene.m in Sources */,
				DEC7B4C218AE9AD100724DE7 /* EAGameViewController.m in Sources */,
				185C4E5918AFF5A900F6DBCE /* EABaseGameScene.m in Sources */,
				DEF4643E18B25A6700EDF3EA /* EAScrollingSprite.m in Sources */,
				DE582F5118B694DB001D345B /* EAUtils.m in Sources */,
				DE41575818B401A2008E0BC0 /* EAGameCenterProvider.m in Sources */,
				DEC7B4BC18AE99FB00724DE7 /* EAUFOGameScene.m in Sources */,
				DEC7B4BF18AE9A1100724DE7 /* EARocketGameScene.m in Sources */,
				185C4E5D18B1255300F6DBCE /* EAScoresStoreManager.m in Sources */,
				DEC7B48518AE80E600724DE7 /* main.m in Sources */,
				DEC7B4B918AE99AA00724DE7 /* EAObstacle.m in Sources */,
				DEC7B4B618AE998200724DE7 /* EAHero.m in Sources */,
				DEF4643118B2240000EDF3EA /* EKMusicPlayer.m in Sources */,
			);
			runOnlyForDeploymentPostprocessing = 0;
		};
		DEC7B48C18AE80E600724DE7 /* Sources */ = {
			isa = PBXSourcesBuildPhase;
			buildActionMask = 2147483647;
			files = (
				DEC7B49E18AE80E600724DE7 /* ScaryFlightTests.m in Sources */,
			);
			runOnlyForDeploymentPostprocessing = 0;
		};
/* End PBXSourcesBuildPhase section */

/* Begin PBXTargetDependency section */
		DEC7B49618AE80E600724DE7 /* PBXTargetDependency */ = {
			isa = PBXTargetDependency;
			target = DEC7B47418AE80E600724DE7 /* ScaryFlight */;
			targetProxy = DEC7B49518AE80E600724DE7 /* PBXContainerItemProxy */;
		};
/* End PBXTargetDependency section */

/* Begin PBXVariantGroup section */
		DEC7B48118AE80E600724DE7 /* InfoPlist.strings */ = {
			isa = PBXVariantGroup;
			children = (
				DEC7B48218AE80E600724DE7 /* en */,
			);
			name = InfoPlist.strings;
			sourceTree = "<group>";
		};
		DEC7B49A18AE80E600724DE7 /* InfoPlist.strings */ = {
			isa = PBXVariantGroup;
			children = (
				DEC7B49B18AE80E600724DE7 /* en */,
			);
			name = InfoPlist.strings;
			sourceTree = "<group>";
		};
/* End PBXVariantGroup section */

/* Begin XCBuildConfiguration section */
		DEC7B49F18AE80E600724DE7 /* Debug */ = {
			isa = XCBuildConfiguration;
			buildSettings = {
				ALWAYS_SEARCH_USER_PATHS = NO;
				ARCHS = "$(ARCHS_STANDARD_INCLUDING_64_BIT)";
				CLANG_CXX_LANGUAGE_STANDARD = "gnu++0x";
				CLANG_CXX_LIBRARY = "libc++";
				CLANG_ENABLE_MODULES = YES;
				CLANG_ENABLE_OBJC_ARC = YES;
				CLANG_WARN_BOOL_CONVERSION = YES;
				CLANG_WARN_CONSTANT_CONVERSION = YES;
				CLANG_WARN_DIRECT_OBJC_ISA_USAGE = YES_ERROR;
				CLANG_WARN_EMPTY_BODY = YES;
				CLANG_WARN_ENUM_CONVERSION = YES;
				CLANG_WARN_INT_CONVERSION = YES;
				CLANG_WARN_OBJC_ROOT_CLASS = YES_ERROR;
				CLANG_WARN__DUPLICATE_METHOD_MATCH = YES;
				"CODE_SIGN_IDENTITY[sdk=iphoneos*]" = "iPhone Developer";
				COPY_PHASE_STRIP = NO;
				GCC_C_LANGUAGE_STANDARD = gnu99;
				GCC_DYNAMIC_NO_PIC = NO;
				GCC_OPTIMIZATION_LEVEL = 0;
				GCC_PREPROCESSOR_DEFINITIONS = (
					"DEBUG=1",
					"$(inherited)",
				);
				GCC_SYMBOLS_PRIVATE_EXTERN = NO;
				GCC_WARN_64_TO_32_BIT_CONVERSION = YES;
				GCC_WARN_ABOUT_RETURN_TYPE = YES_ERROR;
				GCC_WARN_UNDECLARED_SELECTOR = YES;
				GCC_WARN_UNINITIALIZED_AUTOS = YES;
				GCC_WARN_UNUSED_FUNCTION = YES;
				GCC_WARN_UNUSED_VARIABLE = YES;
				IPHONEOS_DEPLOYMENT_TARGET = 7.0;
				ONLY_ACTIVE_ARCH = YES;
				SDKROOT = iphoneos;
				TARGETED_DEVICE_FAMILY = "1,2";
			};
			name = Debug;
		};
		DEC7B4A018AE80E600724DE7 /* Release */ = {
			isa = XCBuildConfiguration;
			buildSettings = {
				ALWAYS_SEARCH_USER_PATHS = NO;
				ARCHS = "$(ARCHS_STANDARD_INCLUDING_64_BIT)";
				CLANG_CXX_LANGUAGE_STANDARD = "gnu++0x";
				CLANG_CXX_LIBRARY = "libc++";
				CLANG_ENABLE_MODULES = YES;
				CLANG_ENABLE_OBJC_ARC = YES;
				CLANG_WARN_BOOL_CONVERSION = YES;
				CLANG_WARN_CONSTANT_CONVERSION = YES;
				CLANG_WARN_DIRECT_OBJC_ISA_USAGE = YES_ERROR;
				CLANG_WARN_EMPTY_BODY = YES;
				CLANG_WARN_ENUM_CONVERSION = YES;
				CLANG_WARN_INT_CONVERSION = YES;
				CLANG_WARN_OBJC_ROOT_CLASS = YES_ERROR;
				CLANG_WARN__DUPLICATE_METHOD_MATCH = YES;
				"CODE_SIGN_IDENTITY[sdk=iphoneos*]" = "iPhone Developer";
				COPY_PHASE_STRIP = YES;
				ENABLE_NS_ASSERTIONS = NO;
				GCC_C_LANGUAGE_STANDARD = gnu99;
				GCC_WARN_64_TO_32_BIT_CONVERSION = YES;
				GCC_WARN_ABOUT_RETURN_TYPE = YES_ERROR;
				GCC_WARN_UNDECLARED_SELECTOR = YES;
				GCC_WARN_UNINITIALIZED_AUTOS = YES;
				GCC_WARN_UNUSED_FUNCTION = YES;
				GCC_WARN_UNUSED_VARIABLE = YES;
				IPHONEOS_DEPLOYMENT_TARGET = 7.0;
				SDKROOT = iphoneos;
				TARGETED_DEVICE_FAMILY = "1,2";
				VALIDATE_PRODUCT = YES;
			};
			name = Release;
		};
		DEC7B4A218AE80E600724DE7 /* Debug */ = {
			isa = XCBuildConfiguration;
			buildSettings = {
				ASSETCATALOG_COMPILER_APPICON_NAME = AppIcon;
				ASSETCATALOG_COMPILER_LAUNCHIMAGE_NAME = LaunchImage;
				GCC_PRECOMPILE_PREFIX_HEADER = YES;
				GCC_PREFIX_HEADER = "ScaryFlight/ScaryFlight-Prefix.pch";
				INFOPLIST_FILE = "ScaryFlight/ScaryFlight-Info.plist";
				PRODUCT_NAME = "$(TARGET_NAME)";
				TARGETED_DEVICE_FAMILY = 1;
				WRAPPER_EXTENSION = app;
			};
			name = Debug;
		};
		DEC7B4A318AE80E600724DE7 /* Release */ = {
			isa = XCBuildConfiguration;
			buildSettings = {
				ASSETCATALOG_COMPILER_APPICON_NAME = AppIcon;
				ASSETCATALOG_COMPILER_LAUNCHIMAGE_NAME = LaunchImage;
				GCC_PRECOMPILE_PREFIX_HEADER = YES;
				GCC_PREFIX_HEADER = "ScaryFlight/ScaryFlight-Prefix.pch";
				INFOPLIST_FILE = "ScaryFlight/ScaryFlight-Info.plist";
				PRODUCT_NAME = "$(TARGET_NAME)";
				TARGETED_DEVICE_FAMILY = 1;
				WRAPPER_EXTENSION = app;
			};
			name = Release;
		};
		DEC7B4A518AE80E600724DE7 /* Debug */ = {
			isa = XCBuildConfiguration;
			buildSettings = {
				ARCHS = "$(ARCHS_STANDARD_INCLUDING_64_BIT)";
				BUNDLE_LOADER = "$(BUILT_PRODUCTS_DIR)/ScaryFlight.app/ScaryFlight";
				FRAMEWORK_SEARCH_PATHS = (
					"$(SDKROOT)/Developer/Library/Frameworks",
					"$(inherited)",
					"$(DEVELOPER_FRAMEWORKS_DIR)",
				);
				GCC_PRECOMPILE_PREFIX_HEADER = YES;
				GCC_PREFIX_HEADER = "ScaryFlight/ScaryFlight-Prefix.pch";
				GCC_PREPROCESSOR_DEFINITIONS = (
					"DEBUG=1",
					"$(inherited)",
				);
				INFOPLIST_FILE = "ScaryFlightTests/ScaryFlightTests-Info.plist";
				PRODUCT_NAME = "$(TARGET_NAME)";
				TEST_HOST = "$(BUNDLE_LOADER)";
				WRAPPER_EXTENSION = xctest;
			};
			name = Debug;
		};
		DEC7B4A618AE80E600724DE7 /* Release */ = {
			isa = XCBuildConfiguration;
			buildSettings = {
				ARCHS = "$(ARCHS_STANDARD_INCLUDING_64_BIT)";
				BUNDLE_LOADER = "$(BUILT_PRODUCTS_DIR)/ScaryFlight.app/ScaryFlight";
				FRAMEWORK_SEARCH_PATHS = (
					"$(SDKROOT)/Developer/Library/Frameworks",
					"$(inherited)",
					"$(DEVELOPER_FRAMEWORKS_DIR)",
				);
				GCC_PRECOMPILE_PREFIX_HEADER = YES;
				GCC_PREFIX_HEADER = "ScaryFlight/ScaryFlight-Prefix.pch";
				INFOPLIST_FILE = "ScaryFlightTests/ScaryFlightTests-Info.plist";
				PRODUCT_NAME = "$(TARGET_NAME)";
				TEST_HOST = "$(BUNDLE_LOADER)";
				WRAPPER_EXTENSION = xctest;
			};
			name = Release;
		};
/* End XCBuildConfiguration section */

/* Begin XCConfigurationList section */
		DEC7B47018AE80E600724DE7 /* Build configuration list for PBXProject "ScaryFlight" */ = {
			isa = XCConfigurationList;
			buildConfigurations = (
				DEC7B49F18AE80E600724DE7 /* Debug */,
				DEC7B4A018AE80E600724DE7 /* Release */,
			);
			defaultConfigurationIsVisible = 0;
			defaultConfigurationName = Release;
		};
		DEC7B4A118AE80E600724DE7 /* Build configuration list for PBXNativeTarget "ScaryFlight" */ = {
			isa = XCConfigurationList;
			buildConfigurations = (
				DEC7B4A218AE80E600724DE7 /* Debug */,
				DEC7B4A318AE80E600724DE7 /* Release */,
			);
			defaultConfigurationIsVisible = 0;
			defaultConfigurationName = Release;
		};
		DEC7B4A418AE80E600724DE7 /* Build configuration list for PBXNativeTarget "ScaryFlightTests" */ = {
			isa = XCConfigurationList;
			buildConfigurations = (
				DEC7B4A518AE80E600724DE7 /* Debug */,
				DEC7B4A618AE80E600724DE7 /* Release */,
			);
			defaultConfigurationIsVisible = 0;
			defaultConfigurationName = Release;
		};
/* End XCConfigurationList section */
	};
	rootObject = DEC7B46D18AE80E600724DE7 /* Project object */;
}
